
Microsoft Visual Studio Solution File, Format Version 12.00
# Visual Studio Version 17
VisualStudioVersion = 17.14.36203.30 d17.14
MinimumVisualStudioVersion = 10.0.40219.1
Project("{8BC9CEB8-8B4A-11D0-8D11-00A0C91BC942}") = "G.E.M.S_project", "G.E.M.S_project.vcxproj", "{2F84F6FE-3816-4E49-BCA5-90EFECCAE039}"
EndProject
Global
	GlobalSection(SolutionConfigurationPlatforms) = preSolution
		Debug|x64 = Debug|x64
		Debug|x86 = Debug|x86
		Release|x64 = Release|x64
		Release|x86 = Release|x86
	EndGlobalSection
	GlobalSection(ProjectConfigurationPlatforms) = postSolution
		{2F84F6FE-3816-4E49-BCA5-90EFECCAE039}.Debug|x64.ActiveCfg = Debug|x64
		{2F84F6FE-3816-4E49-BCA5-90EFECCAE039}.Debug|x64.Build.0 = Debug|x64
		{2F84F6FE-3816-4E49-BCA5-90EFECCAE039}.Debug|x86.ActiveCfg = Debug|Win32
		{2F84F6FE-3816-4E49-BCA5-90EFECCAE039}.Debug|x86.Build.0 = Debug|Win32
		{2F84F6FE-3816-4E49-BCA5-90EFECCAE039}.Release|x64.ActiveCfg = Release|x64
		{2F84F6FE-3816-4E49-BCA5-90EFECCAE039}.Release|x64.Build.0 = Release|x64
		{2F84F6FE-3816-4E49-BCA5-90EFECCAE039}.Release|x86.ActiveCfg = Release|Win32
		{2F84F6FE-3816-4E49-BCA5-90EFECCAE039}.Release|x86.Build.0 = Release|Win32
	EndGlobalSection
	GlobalSection(SolutionProperties) = preSolution
		HideSolutionNode = FALSE
	EndGlobalSection
	GlobalSection(ExtensibilityGlobals) = postSolution
		SolutionGuid = {D6CC8146-8D5A-4BC6-805E-84386D3D0B6B}
	EndGlobalSection
EndGlobal
